
Microsoft Visual Studio Solution File, Format Version 12.00
# Visual Studio Version 17
VisualStudioVersion = 17.2.32616.157
MinimumVisualStudioVersion = 10.0.40219.1
Project("{FAE04EC0-301F-11D3-BF4B-00C04F79EFBC}") = "PracticaProgramacionIntermedia1", "PracticaProgramacionIntermedia1\PracticaProgramacionIntermedia1.csproj", "{C2C55875-9E19-4102-8E61-E5E545B30CD2}"
EndProject
Global
	GlobalSection(SolutionConfigurationPlatforms) = preSolution
		Debug|Any CPU = Debug|Any CPU
		Release|Any CPU = Release|Any CPU
	EndGlobalSection
	GlobalSection(ProjectConfigurationPlatforms) = postSolution
		{C2C55875-9E19-4102-8E61-E5E545B30CD2}.Debug|Any CPU.ActiveCfg = Debug|Any CPU
		{C2C55875-9E19-4102-8E61-E5E545B30CD2}.Debug|Any CPU.Build.0 = Debug|Any CPU
		{C2C55875-9E19-4102-8E61-E5E545B30CD2}.Release|Any CPU.ActiveCfg = Release|Any CPU
		{C2C55875-9E19-4102-8E61-E5E545B30CD2}.Release|Any CPU.Build.0 = Release|Any CPU
	EndGlobalSection
	GlobalSection(SolutionProperties) = preSolution
		HideSolutionNode = FALSE
	EndGlobalSection
	GlobalSection(ExtensibilityGlobals) = postSolution
		SolutionGuid = {41C2B173-449E-4ECB-86FC-8715C2E9F812}
	EndGlobalSection
EndGlobal
